
Microsoft Visual Studio Solution File, Format Version 12.00
# Visual Studio Version 16
VisualStudioVersion = 16.0.29509.3
MinimumVisualStudioVersion = 10.0.40219.1
Project("{9A19103F-16F7-4668-BE54-9A1E7A4F7556}") = "EfCore3", "EfCore3.csproj", "{87306DC3-D61E-4F18-A353-2A456A43ADBD}"
EndProject
Global
	GlobalSection(SolutionConfigurationPlatforms) = preSolution
		Debug|Any CPU = Debug|Any CPU
		Release|Any CPU = Release|Any CPU
	EndGlobalSection
	GlobalSection(ProjectConfigurationPlatforms) = postSolution
		{87306DC3-D61E-4F18-A353-2A456A43ADBD}.Debug|Any CPU.ActiveCfg = Debug|Any CPU
		{87306DC3-D61E-4F18-A353-2A456A43ADBD}.Debug|Any CPU.Build.0 = Debug|Any CPU
		{87306DC3-D61E-4F18-A353-2A456A43ADBD}.Release|Any CPU.ActiveCfg = Release|Any CPU
		{87306DC3-D61E-4F18-A353-2A456A43ADBD}.Release|Any CPU.Build.0 = Release|Any CPU
	EndGlobalSection
	GlobalSection(SolutionProperties) = preSolution
		HideSolutionNode = FALSE
	EndGlobalSection
	GlobalSection(ExtensibilityGlobals) = postSolution
		SolutionGuid = {F3A99C50-0308-46EF-A402-ECCDD7345923}
	EndGlobalSection
EndGlobal
